
Microsoft Visual Studio Solution File, Format Version 12.00
# Visual Studio Version 17
VisualStudioVersion = 17.8.34330.188
MinimumVisualStudioVersion = 10.0.40219.1
Project("{FAE04EC0-301F-11D3-BF4B-00C04F79EFBC}") = "vote-app", "vote-app\vote-app.csproj", "{A86FCCF0-578E-4C3D-A4BD-06B8DDB7E34C}"
EndProject
Global
	GlobalSection(SolutionConfigurationPlatforms) = preSolution
		Debug|Any CPU = Debug|Any CPU
		Release|Any CPU = Release|Any CPU
	EndGlobalSection
	GlobalSection(ProjectConfigurationPlatforms) = postSolution
		{A86FCCF0-578E-4C3D-A4BD-06B8DDB7E34C}.Debug|Any CPU.ActiveCfg = Debug|Any CPU
		{A86FCCF0-578E-4C3D-A4BD-06B8DDB7E34C}.Debug|Any CPU.Build.0 = Debug|Any CPU
		{A86FCCF0-578E-4C3D-A4BD-06B8DDB7E34C}.Release|Any CPU.ActiveCfg = Release|Any CPU
		{A86FCCF0-578E-4C3D-A4BD-06B8DDB7E34C}.Release|Any CPU.Build.0 = Release|Any CPU
	EndGlobalSection
	GlobalSection(SolutionProperties) = preSolution
		HideSolutionNode = FALSE
	EndGlobalSection
	GlobalSection(ExtensibilityGlobals) = postSolution
		SolutionGuid = {9F63A0EE-EB5C-4154-A5D6-EF7112E006A5}
	EndGlobalSection
EndGlobal
